
Microsoft Visual Studio Solution File, Format Version 12.00
# Visual Studio Version 16
VisualStudioVersion = 16.0.31129.286
MinimumVisualStudioVersion = 10.0.40219.1
Project("{FAE04EC0-301F-11D3-BF4B-00C04F79EFBC}") = "Summoner", "Summoner\Summoner.csproj", "{0BCDCBE6-680F-4DB5-8F77-689B5C9D44BC}"
EndProject
Global
	GlobalSection(SolutionConfigurationPlatforms) = preSolution
		Debug|Any CPU = Debug|Any CPU
		Release|Any CPU = Release|Any CPU
	EndGlobalSection
	GlobalSection(ProjectConfigurationPlatforms) = postSolution
		{0BCDCBE6-680F-4DB5-8F77-689B5C9D44BC}.Debug|Any CPU.ActiveCfg = Debug|Any CPU
		{0BCDCBE6-680F-4DB5-8F77-689B5C9D44BC}.Debug|Any CPU.Build.0 = Debug|Any CPU
		{0BCDCBE6-680F-4DB5-8F77-689B5C9D44BC}.Release|Any CPU.ActiveCfg = Release|Any CPU
		{0BCDCBE6-680F-4DB5-8F77-689B5C9D44BC}.Release|Any CPU.Build.0 = Release|Any CPU
	EndGlobalSection
	GlobalSection(SolutionProperties) = preSolution
		HideSolutionNode = FALSE
	EndGlobalSection
	GlobalSection(ExtensibilityGlobals) = postSolution
		SolutionGuid = {30723252-612C-4209-B2A1-0E1884AAA92F}
	EndGlobalSection
EndGlobal
